
Microsoft Visual Studio Solution File, Format Version 12.00
# Visual Studio Version 16
VisualStudioVersion = 16.0.30128.74
MinimumVisualStudioVersion = 10.0.40219.1
Project("{FAE04EC0-301F-11D3-BF4B-00C04F79EFBC}") = "QuanLyThuePhong", "QuanLyThuePhong\QuanLyThuePhong.csproj", "{6CD2F229-9D85-4F09-8A3A-F84592B04CA4}"
EndProject
Global
	GlobalSection(SolutionConfigurationPlatforms) = preSolution
		Debug|Any CPU = Debug|Any CPU
		Release|Any CPU = Release|Any CPU
	EndGlobalSection
	GlobalSection(ProjectConfigurationPlatforms) = postSolution
		{6CD2F229-9D85-4F09-8A3A-F84592B04CA4}.Debug|Any CPU.ActiveCfg = Debug|Any CPU
		{6CD2F229-9D85-4F09-8A3A-F84592B04CA4}.Debug|Any CPU.Build.0 = Debug|Any CPU
		{6CD2F229-9D85-4F09-8A3A-F84592B04CA4}.Release|Any CPU.ActiveCfg = Release|Any CPU
		{6CD2F229-9D85-4F09-8A3A-F84592B04CA4}.Release|Any CPU.Build.0 = Release|Any CPU
	EndGlobalSection
	GlobalSection(SolutionProperties) = preSolution
		HideSolutionNode = FALSE
	EndGlobalSection
	GlobalSection(ExtensibilityGlobals) = postSolution
		SolutionGuid = {CFBC83BB-7E88-4956-9BEB-DB3C77C727FA}
	EndGlobalSection
EndGlobal
