
Microsoft Visual Studio Solution File, Format Version 12.00
# Visual Studio Version 16
VisualStudioVersion = 16.0.30011.22
MinimumVisualStudioVersion = 10.0.40219.1
Project("{FAE04EC0-301F-11D3-BF4B-00C04F79EFBC}") = "HotelManagerAPI", "HotelManagerAPI\HotelManagerAPI.csproj", "{3DA18EA1-4A99-4B82-8D90-627941144F60}"
EndProject
Project("{FAE04EC0-301F-11D3-BF4B-00C04F79EFBC}") = "Model", "Model\Model.csproj", "{569EA218-9C12-4276-B8D3-42FDF62930B3}"
EndProject
Global
	GlobalSection(SolutionConfigurationPlatforms) = preSolution
		Debug|Any CPU = Debug|Any CPU
		Release|Any CPU = Release|Any CPU
	EndGlobalSection
	GlobalSection(ProjectConfigurationPlatforms) = postSolution
		{3DA18EA1-4A99-4B82-8D90-627941144F60}.Debug|Any CPU.ActiveCfg = Debug|Any CPU
		{3DA18EA1-4A99-4B82-8D90-627941144F60}.Debug|Any CPU.Build.0 = Debug|Any CPU
		{3DA18EA1-4A99-4B82-8D90-627941144F60}.Release|Any CPU.ActiveCfg = Release|Any CPU
		{3DA18EA1-4A99-4B82-8D90-627941144F60}.Release|Any CPU.Build.0 = Release|Any CPU
		{569EA218-9C12-4276-B8D3-42FDF62930B3}.Debug|Any CPU.ActiveCfg = Debug|Any CPU
		{569EA218-9C12-4276-B8D3-42FDF62930B3}.Debug|Any CPU.Build.0 = Debug|Any CPU
		{569EA218-9C12-4276-B8D3-42FDF62930B3}.Release|Any CPU.ActiveCfg = Release|Any CPU
		{569EA218-9C12-4276-B8D3-42FDF62930B3}.Release|Any CPU.Build.0 = Release|Any CPU
	EndGlobalSection
	GlobalSection(SolutionProperties) = preSolution
		HideSolutionNode = FALSE
	EndGlobalSection
	GlobalSection(ExtensibilityGlobals) = postSolution
		SolutionGuid = {085FD450-9658-4186-9AA8-77984674F748}
	EndGlobalSection
EndGlobal
